
Microsoft Visual Studio Solution File, Format Version 12.00
# Visual Studio 15
VisualStudioVersion = 15.0.26730.16
MinimumVisualStudioVersion = 10.0.40219.1
Project("{FAE04EC0-301F-11D3-BF4B-00C04F79EFBC}") = "ASP.Net WebAPI1", "ASP.Net WebAPI1\ASP.Net WebAPI1.csproj", "{B38E8BF9-192D-4B8B-B108-AE6958533FF1}"
EndProject
Global
	GlobalSection(SolutionConfigurationPlatforms) = preSolution
		Debug|Any CPU = Debug|Any CPU
		Release|Any CPU = Release|Any CPU
	EndGlobalSection
	GlobalSection(ProjectConfigurationPlatforms) = postSolution
		{B38E8BF9-192D-4B8B-B108-AE6958533FF1}.Debug|Any CPU.ActiveCfg = Debug|Any CPU
		{B38E8BF9-192D-4B8B-B108-AE6958533FF1}.Debug|Any CPU.Build.0 = Debug|Any CPU
		{B38E8BF9-192D-4B8B-B108-AE6958533FF1}.Release|Any CPU.ActiveCfg = Release|Any CPU
		{B38E8BF9-192D-4B8B-B108-AE6958533FF1}.Release|Any CPU.Build.0 = Release|Any CPU
	EndGlobalSection
	GlobalSection(SolutionProperties) = preSolution
		HideSolutionNode = FALSE
	EndGlobalSection
	GlobalSection(ExtensibilityGlobals) = postSolution
		SolutionGuid = {6E33D435-3637-4590-ACB9-40A594E4A7E6}
	EndGlobalSection
EndGlobal
